github.com/davecgh/go-spew v1.1.1 h1:vj9j/u1bqnvCEfJOwUhtlOARqs3+rkHYY13jYWTU97c=
github.com/davecgh/go-spew v1.1.1/go.mod h1:J7Y8YcW2NihsgmVo/mv3lAwl/skON4iLHjSsI+c5H38=
github.com/easyCZ/logrotate v0.3.0 h1:IYihLY2NKKPu9LjZWgxZATAKpzz5KLXSAuqJgDy++XU=
github.com/easyCZ/logrotate v0.3.0/go.mod h1:noWLLQ0I45CRGXb9bGYuOcZXFE74fdgCldGPqz8txpU=
github.com/georgri/pik_tg_bot/pkg/backup_data v0.0.0-20250106134635-f65b6a608188 h1:geV+sndF1ogVuZ8zKOlqU774aR/WAsxjJbId+x5NMss=
github.com/georgri/pik_tg_bot/pkg/backup_data v0.0.0-20250106134635-f65b6a608188/go.mod h1:suC+L2ZFhIgY174pR3TWuMuHh8KaVBh8AHjmJEG7NLA=
github.com/georgri/pik_tg_bot/pkg/downloader v0.0.0-20250106134635-f65b6a608188 h1:NOXkUC5hkr4qWVrsVYrIf3gLugngBHgBOqx1p34OXFg=
github.com/georgri/pik_tg_bot/pkg/downloader v0.0.0-20250106134635-f65b6a608188/go.mod h1:yDMye9Me6uT2p5o9zTdJN5VSfk7Gqvq0cfg5JpEPEV0=
github.com/georgri/pik_tg_bot/pkg/flatstorage v0.0.0-20250106134635-f65b6a608188 h1:qv9MMQY4iGsnOudZwfsK8ilIPWruIRUEoSX6nn8jNgk=
github.com/georgri/pik_tg_bot/pkg/flatstorage v0.0.0-20250106134635-f65b6a608188/go.mod h1:cjitFT30kRR4zQrC/sjtyEPrF30ZvR9MXFaPq4wcxZ4=
github.com/georgri/pik_tg_bot/pkg/util v0.0.0-20250106134635-f65b6a608188 h1:QfdrIAq4oDF1FrufuSKtWDQJxpu0Gl9C4lhe5OctMa8=
github.com/georgri/pik_tg_bot/pkg/util v0.0.0-20250106134635-f65b6a608188/go.mod h1:q9JxM6QxirEARsgilIMZqjEgMawfYWomWmXocUGyPzM=
github.com/pkg/errors v0.9.1 h1:FEBLx1zS214owpjy7qsBeixbURkuhQAwrK5UwLGTwt4=
github.com/pkg/errors v0.9.1/go.mod h1:bwawxfHBFNV+L2hUp1rHADufV3IMtnDRdf1r5NINEl0=
github.com/pmezard/go-difflib v1.0.0 h1:4DBwDE0NGyQoBHbLQYPwSUPoCMWR5BEzIk/f1lZbAQM=
github.com/pmezard/go-difflib v1.0.0/go.mod h1:iKH77koFhYxTK1pcRnkKkqfTogsbg7gZNVY4sRDYZ/4=
github.com/stretchr/testify v1.9.0 h1:HtqpIVDClZ4nwg75+f6Lvsy/wHu+3BoSGCbBAcpTsTg=
github.com/stretchr/testify v1.9.0/go.mod h1:r2ic/lqez/lEtzL7wO/rwa5dbSLXVDPFyf8C91i36aY=
golang.org/x/exp v0.0.0-20240506185415-9bf2ced13842 h1:vr/HnozRka3pE4EsMEg1lgkXJkTFJCVUX+S/ZT6wYzM=
golang.org/x/exp v0.0.0-20240506185415-9bf2ced13842/go.mod h1:XtvwrStGgqGPLc4cjQfWqZHG1YFdYs6swckp8vpsjnc=
gopkg.in/yaml.v3 v3.0.1 h1:fxVm/GzAzEWqLHuvctI91KS9hhNmmWOoWu0XTYJS7CA=
gopkg.in/yaml.v3 v3.0.1/go.mod h1:K4uyk7z7BCEPqu6E+C64Yfv1cQ7kz7rIZviUmN+EgEM=
